{
    "_meta": {
        "hash": {
            "sha256": "569c7db718c1871440a81fbefe569f4f8f5428813f04ba377adfb8caa4928260"
        },
        "pipfile-spec": 6,
        "requires": {
            "python_version": "3.12"
        },
        "sources": [
            {
                "name": "pypi",
                "url": "https://pypi.org/simple",
                "verify_ssl": true
            }
        ]
    },
    "default": {
        "cx-freeze": {
            "hashes": [
                "sha256:046d165a2f5d6bb87b732f0957bddfbfda03b02ef61298d6a3d3ea52c894d939",
                "sha256:1bb1aad675319e912b793e94d232d251ce59a1e4953e486b683820e0895568a7",
                "sha256:20c0b3aab8e79a7a62604d68ea69516cab42eaecf8434bb520d95594fdc3291a",
                "sha256:2ee6b4891d50ddce73fbce0b156dd65186d996e3beb9f13a12715431a6b33e17",
                "sha256:3a5c2aca35b2410a172f42e16501dc0fdfd0e8e0d837ecb4de32ea802c9816a1",
                "sha256:3c70f4f06be3e5e6cbc56b1ec52c9661feac0f8fc486cb0295f66ab8d0971f81",
                "sha256:3c7b611d4919fdc327831a1607c1b4b8183051602656f11ae63dbf5be22e6ebb",
                "sha256:3de046eb2ffde6e469222523ba4c2ae99eb13af8139394a5012b42f40eca6527",
                "sha256:3e09ee277a697000bc5c3a5f95f4817da365877ae95a07c8513f85eeafb5a5e6",
                "sha256:3e386f6466eb52793f31ff1dd47643256320c1dd4b05ec3dec4a35e7fe2c9885",
                "sha256:40f9f7086b918b0ee620db80da3ee61a059fd7116c78f57949a72790b73cdf80",
                "sha256:455155f6925cac6e018ca12b3993389c0141ffef7793305cec63493f47258f3e",
                "sha256:4bb2ea3d8d76551c2578d2c69bf62c2473ab8d9dd3c73aa330e84c1c4f2045aa",
                "sha256:56fb53ebebb6aef4fd6fc0d0899f3fcd1c57fc6801613f2b4142c68babd85fdd",
                "sha256:58a46dfdd14b0353953dd1c931c192da655cfa158a83b7dafdc7aa8fae400998",
                "sha256:5acfef79e088d3c2fd0d75b87369e899ad8f4414be0574a47a75c1b7c50bd86f",
                "sha256:6f7ff52e5ac007b2e23ee4aa50aa313b2456451c500c4473c91702302de68c90",
                "sha256:715ed6c396b13f498a7331410b4138756abf11096398116e251191f87fc2b0bb",
                "sha256:7b8488b0eb120f9bb2720d60c9261fdd28eaed96043b436e50183b49ce28994a",
                "sha256:7cce91f4a097b19ed0ed6592c357055d04f58c6e3c79902f0d214360bd0424da",
                "sha256:8468bd44e0b87544883b878cbefbe1c456f8ca7a6da8dee10c484c424341c60e",
                "sha256:893db9afcb45753ebc980c6785cf3fb950da0d1a24db5f6dbb93199cec9136c9",
                "sha256:8965c93ede6cb02173c052386f8366b449dcc6449b36ada9d78bd093fa7c15ac",
                "sha256:8bd30ed15362c79f8015e74d4c7ad4f5548977e0eda3f007ada49dd02c5ad215",
                "sha256:8cb4bb5fee89d0a0ef0d75bdc32ad1aa138b6301dc51ab8c57c577e973a2eef4",
                "sha256:8e0c261c799d356628ba48b015c5f20bf5ca5721980f2dd018731cf00defad4e",
                "sha256:93e69bbb811d2e9ff67ff4604eef37159d4a6adcdeed679c2181ba205abea60a",
                "sha256:99e7d0a460ca72ae7a9e89fab810811acf10fb7203a85802570461a0c30047d7",
                "sha256:9e11eb4071936935903951faa3290c5f44f0fc42d1a14320b4bf48d151fff8e6",
                "sha256:9ecb4a728477fb846b8f4395274a330da3119d8711fd526678b2a1612a8c2bb9",
                "sha256:a014d188a03601f761589ee81a2eb07b322813527b8ba12893760c3a43ec0961",
                "sha256:a37501c617dc2c8c6a267076fb3988f271e0192a3719db7215f5c5c171d4300d",
                "sha256:a88c903a6abb72caf074429e65e2e525f7b5f93b94a063531b8822ecdde57ffb",
                "sha256:aaf2fe6e59056dea6867e1871777be22f0c15a8a3116bc6cee849f282ff3b101",
                "sha256:ac5340f1ff82f932c4bba864a5fc40af6dd835401d0904b842d2a90ab1ad15c4",
                "sha256:d038b8b5c4841c826a2e42cd7bdf0d4e3c4ada094896a954f86ba6533050b6a5",
                "sha256:daa6aede370815ad47537c90e1f33b213f96508af683bb671791ee6b1b72139d",
                "sha256:e02eaf554e1e82a4b7757c7d08f75b8f80186ffb54498a73afaabfa1c6ec2c33",
                "sha256:e235829b208fbe808693c2158d0ff17edeb18fb91abbf6badbf51f5e09ea1356",
                "sha256:ef9fa434d0f8a598e1a697c67a42e6503171f1a20fa2735f5fcabef31ce583a5",
                "sha256:f1bcef3fd4db1513c4355ebac0e8289d52c28f99c90f8dbe78cd36a60e9ad0a2",
                "sha256:fed5f8768c58c50450154548fb5a08b9e38765e0e37fce98477d2a0020b9480b"
            ],
            "index": "pypi",
            "markers": "python_version >= '3.8'",
            "version": "==7.2.4"
        },
        "filelock": {
            "hashes": [
                "sha256:2082e5703d51fbf98ea75855d9d5527e33d8ff23099bec374a134febee6946b0",
                "sha256:c249fbfcd5db47e5e2d6d62198e565475ee65e4831e2561c8e313fa7eb961435"
            ],
            "markers": "sys_platform == 'linux'",
            "version": "==3.16.1"
        },
        "packaging": {
            "hashes": [
                "sha256:09abb1bccd265c01f4a3aa3f7a7db064b36514d2cba19a2f694fe6150451a759",
                "sha256:c228a6dc5e932d346bc5739379109d49e8853dd8223571c7c5b55260edc0b97f"
            ],
            "markers": "python_version >= '3.8'",
            "version": "==24.2"
        },
        "patchelf": {
            "hashes": [
                "sha256:3c8d58f0e4c1929b1c7c45ba8da5a84a8f1aa6a82a46e1cfb2e44a4d40f350e5",
                "sha256:a6eb0dd452ce4127d0d5e1eb26515e39186fa609364274bc1b0b77539cfa7031",
                "sha256:a9e6ebb0874a11f7ed56d2380bfaa95f00612b23b15f896583da30c2059fcfa8",
                "sha256:ccb266a94edf016efe80151172c26cff8c2ec120a57a1665d257b0442784195d",
                "sha256:d1a9bc0d4fd80c038523ebdc451a1cce75237cfcc52dbd1aca224578001d5927",
                "sha256:f47b5bdd6885cfb20abdd14c707d26eb6f499a7f52e911865548d4aa43385502",
                "sha256:fc329da0e8f628bd836dfb8eaf523547e342351fa8f739bf2b3fe4a6db5a297c"
            ],
            "markers": "sys_platform == 'linux' and platform_machine == 'x86_64'",
            "version": "==0.17.2.1"
        },
        "setuptools": {
            "hashes": [
                "sha256:1dc484f5cf56fd3fe7216d7b8df820802e7246cfb534a1db2aa64f14fcb9cdcb",
                "sha256:b3c5d862f98500b06ffdf7cc4499b48c46c317d8d56cb30b5c8bce4d88f5c216"
            ],
            "markers": "python_version >= '3.9'",
            "version": "==75.4.0"
        }
    },
    "develop": {}
}
